
Microsoft Visual Studio Solution File, Format Version 12.00
# Visual Studio 15
VisualStudioVersion = 15.0.26730.3
MinimumVisualStudioVersion = 10.0.40219.1
Project("{FAE04EC0-301F-11D3-BF4B-00C04F79EFBC}") = "Library.WebApi.Layer", "Library.WebApi.Layer\Library.WebApi.Layer.csproj", "{72D9D3B4-C170-4C99-BB95-4F643FC82741}"
EndProject
Project("{FAE04EC0-301F-11D3-BF4B-00C04F79EFBC}") = "Library.DB.Layer", "Library.DB.Layer\Library.DB.Layer.csproj", "{A5F9DF02-7FA7-4DFB-B46A-0FD16A949380}"
EndProject
Project("{FAE04EC0-301F-11D3-BF4B-00C04F79EFBC}") = "Library.BLogic.Layer", "Library.BLogic.Layer\Library.BLogic.Layer.csproj", "{16657D75-4AAF-4BC1-94C4-FD931418AF1A}"
EndProject
Global
	GlobalSection(SolutionConfigurationPlatforms) = preSolution
		Debug|Any CPU = Debug|Any CPU
		Release|Any CPU = Release|Any CPU
	EndGlobalSection
	GlobalSection(ProjectConfigurationPlatforms) = postSolution
		{72D9D3B4-C170-4C99-BB95-4F643FC82741}.Debug|Any CPU.ActiveCfg = Debug|Any CPU
		{72D9D3B4-C170-4C99-BB95-4F643FC82741}.Debug|Any CPU.Build.0 = Debug|Any CPU
		{72D9D3B4-C170-4C99-BB95-4F643FC82741}.Release|Any CPU.ActiveCfg = Release|Any CPU
		{72D9D3B4-C170-4C99-BB95-4F643FC82741}.Release|Any CPU.Build.0 = Release|Any CPU
		{A5F9DF02-7FA7-4DFB-B46A-0FD16A949380}.Debug|Any CPU.ActiveCfg = Debug|Any CPU
		{A5F9DF02-7FA7-4DFB-B46A-0FD16A949380}.Debug|Any CPU.Build.0 = Debug|Any CPU
		{A5F9DF02-7FA7-4DFB-B46A-0FD16A949380}.Release|Any CPU.ActiveCfg = Release|Any CPU
		{A5F9DF02-7FA7-4DFB-B46A-0FD16A949380}.Release|Any CPU.Build.0 = Release|Any CPU
		{16657D75-4AAF-4BC1-94C4-FD931418AF1A}.Debug|Any CPU.ActiveCfg = Debug|Any CPU
		{16657D75-4AAF-4BC1-94C4-FD931418AF1A}.Debug|Any CPU.Build.0 = Debug|Any CPU
		{16657D75-4AAF-4BC1-94C4-FD931418AF1A}.Release|Any CPU.ActiveCfg = Release|Any CPU
		{16657D75-4AAF-4BC1-94C4-FD931418AF1A}.Release|Any CPU.Build.0 = Release|Any CPU
	EndGlobalSection
	GlobalSection(SolutionProperties) = preSolution
		HideSolutionNode = FALSE
	EndGlobalSection
	GlobalSection(ExtensibilityGlobals) = postSolution
		SolutionGuid = {D91D27CD-6B44-40D2-ABCF-FD60A11D8C6D}
	EndGlobalSection
EndGlobal
